
Microsoft Visual Studio Solution File, Format Version 12.00
# Visual Studio Version 17
VisualStudioVersion = 17.9.34902.65
MinimumVisualStudioVersion = 10.0.40219.1
Project("{FAE04EC0-301F-11D3-BF4B-00C04F79EFBC}") = "ConnectedSQL", "ConnectedSQL.csproj", "{E2E67C77-B49C-49F4-BFD6-2172314245FD}"
EndProject
Global
	GlobalSection(SolutionConfigurationPlatforms) = preSolution
		Debug|Any CPU = Debug|Any CPU
		Release|Any CPU = Release|Any CPU
	EndGlobalSection
	GlobalSection(ProjectConfigurationPlatforms) = postSolution
		{E2E67C77-B49C-49F4-BFD6-2172314245FD}.Debug|Any CPU.ActiveCfg = Debug|Any CPU
		{E2E67C77-B49C-49F4-BFD6-2172314245FD}.Debug|Any CPU.Build.0 = Debug|Any CPU
		{E2E67C77-B49C-49F4-BFD6-2172314245FD}.Release|Any CPU.ActiveCfg = Release|Any CPU
		{E2E67C77-B49C-49F4-BFD6-2172314245FD}.Release|Any CPU.Build.0 = Release|Any CPU
	EndGlobalSection
	GlobalSection(SolutionProperties) = preSolution
		HideSolutionNode = FALSE
	EndGlobalSection
	GlobalSection(ExtensibilityGlobals) = postSolution
		SolutionGuid = {88D27055-30FD-4FF7-AE38-14FB7CDDF688}
	EndGlobalSection
EndGlobal
